
Microsoft Visual Studio Solution File, Format Version 12.00
# Visual Studio 15
VisualStudioVersion = 15.0.26430.14
MinimumVisualStudioVersion = 10.0.40219.1
Project("{FAE04EC0-301F-11D3-BF4B-00C04F79EFBC}") = "Homework", "Homework\Homework.csproj", "{304E0450-C657-495E-8386-71E871CD9FEC}"
EndProject
Global
	GlobalSection(SolutionConfigurationPlatforms) = preSolution
		Debug|Any CPU = Debug|Any CPU
		Release|Any CPU = Release|Any CPU
	EndGlobalSection
	GlobalSection(ProjectConfigurationPlatforms) = postSolution
		{304E0450-C657-495E-8386-71E871CD9FEC}.Debug|Any CPU.ActiveCfg = Debug|Any CPU
		{304E0450-C657-495E-8386-71E871CD9FEC}.Debug|Any CPU.Build.0 = Debug|Any CPU
		{304E0450-C657-495E-8386-71E871CD9FEC}.Release|Any CPU.ActiveCfg = Release|Any CPU
		{304E0450-C657-495E-8386-71E871CD9FEC}.Release|Any CPU.Build.0 = Release|Any CPU
	EndGlobalSection
	GlobalSection(SolutionProperties) = preSolution
		HideSolutionNode = FALSE
	EndGlobalSection
EndGlobal
